{
  "nodes": {
    "bidGestMirror": {
      "inputs": {
        "frontArmToPlane": "frontArmToPlane",
        "mcEatBurg": "mcEatBurg_3",
        "nasExitGiScorp": [
          "bidGestMirror",
          "frontArmToPlane",
          "nasExitGiScorp"
        ],
        "peachRampSkateboard": "peachRampSkateboard_6"
      },
      "locked": {
        "lastModified": 1790359474,
        "narHash": "sha256-pIg0prNHbkRKKywRjGhNjEDtb+O8ENNzTUgKIZAAXTs=",
        "owner": "nrs-status",
        "repo": "bidGestMirror",
        "rev": "50b7e7f31b72672532b3e6d2c1c5e788a0ef1c85",
        "type": "github"
      },
      "original": {
        "owner": "nrs-status",
        "repo": "bidGestMirror",
        "type": "github"
      }
    },
    "colmenaFlake": {
      "inputs": {
        "flake-compat": "flake-compat",
        "flake-utils": "flake-utils",
        "nix-github-actions": "nix-github-actions",
        "nixpkgs": "nixpkgs_13",
        "stable": "stable"
      },
      "locked": {
        "lastModified": 1786742289,
        "narHash": "sha256-r61K9svFDQkI5jONYksneDtDT5c4SkWrZVD3ni5O6Ak=",
        "owner": "zhaofengli",
        "repo": "colmena",
        "rev": "dc22786a43315b212eeafe13409a7203328e5a30",
        "type": "github"
      },
      "original": {
        "owner": "zhaofengli",
        "repo": "colmena",
        "type": "github"
      }
    },
    "direnv-instant": {
      "inputs": {
        "flake-parts": "flake-parts_2",
        "nixpkgs": "nixpkgs_14",
        "treefmt-nix": "treefmt-nix"
      },
      "locked": {
        "lastModified": 1789628710,
        "narHash": "sha256-9JsFHbFkt692sp3qpJ+mLqC+RaiGrmaC2d/XDB8YcEU=",
        "owner": "Mic92",
        "repo": "direnv-instant",
        "rev": "2c4de8696023fb792b869cf1c7708289ac17a647",
        "type": "github"
      },
      "original": {
        "owner": "Mic92",
        "repo": "direnv-instant",
        "type": "github"
      }
    },
    "diskoFlake": {
      "inputs": {
        "nixpkgs": "nixpkgs_15"
      },
      "locked": {
        "lastModified": 1781152676,
        "narHash": "sha256-RxWs5ND31KzTG7wvMM+PMfUjyNpmIEr999lqNARaM5o=",
        "owner": "nix-community",
        "repo": "disko",
        "rev": "ff8702b4de27f72b4c78573dfb89ec74e36abdf1",
        "type": "github"
      },
      "original": {
        "owner": "nix-community",
        "repo": "disko",
        "type": "github"
      }
    },
    "flake-compat": {
      "flake": false,
      "locked": {
        "lastModified": 1767039857,
        "narHash": "sha256-vNpUSpF5Nuw8xvDLj2KCwwksIbjua2LZCqhV1LNRDns=",
        "owner": "edolstra",
        "repo": "flake-compat",
        "rev": "5edf11c44bc78a0d334f6334cdaf7d60d732daab",
        "type": "github"
      },
      "original": {
        "owner": "edolstra",
        "repo": "flake-compat",
        "type": "github"
      }
    },
    "flake-parts": {
      "inputs": {
        "nixpkgs-lib": [
          "bidGestMirror",
          "frontArmToPlane",
          "nixvimFlake",
          "nixpkgs"
        ]
      },
      "locked": {
        "lastModified": 1785627969,
        "narHash": "sha256-4dtXQk/NMePegK/nWp5NSeuZKLATItOq61lpEvmXqGw=",
        "owner": "hercules-ci",
        "repo": "flake-parts",
        "rev": "427bf4bd9435fdf21321c8cc628c24efc14c0f7a",
        "type": "github"
      },
      "original": {
        "owner": "hercules-ci",
        "repo": "flake-parts",
        "type": "github"
      }
    },
    "flake-parts_2": {
      "inputs": {
        "nixpkgs-lib": [
          "direnv-instant",
          "nixpkgs"
        ]
      },
      "locked": {
        "lastModified": 1788450739,
        "narHash": "sha256-glZLQlzIn1fXH6PazR2iUmTo7kzzyYSshrWhLS9TqCU=",
        "owner": "hercules-ci",
        "repo": "flake-parts",
        "rev": "31729ca8cbdb4fa927b34e5f4353e6a83f39e993",
        "type": "github"
      },
      "original": {
        "owner": "hercules-ci",
        "repo": "flake-parts",
        "type": "github"
      }
    },
    "flake-parts_3": {
      "inputs": {
        "nixpkgs-lib": [
          "frontArmToPlane",
          "nixvimFlake",
          "nixpkgs"
        ]
      },
      "locked": {
        "lastModified": 1785627969,
        "narHash": "sha256-4dtXQk/NMePegK/nWp5NSeuZKLATItOq61lpEvmXqGw=",
        "owner": "hercules-ci",
        "repo": "flake-parts",
        "rev": "427bf4bd9435fdf21321c8cc628c24efc14c0f7a",
        "type": "github"
      },
      "original": {
        "owner": "hercules-ci",
        "repo": "flake-parts",
        "type": "github"
      }
    },
    "flake-utils": {
      "inputs": {
        "systems": "systems_2"
      },
      "locked": {
        "lastModified": 1731533236,
        "narHash": "sha256-l0KFg5HjrsfsO/JpG+r7fRrqm12kzFHyUHqHCVpMMbI=",
        "owner": "numtide",
        "repo": "flake-utils",
        "rev": "11707dc2f618dd54ca8739b309ec4fc024de578b",
        "type": "github"
      },
      "original": {
        "owner": "numtide",
        "repo": "flake-utils",
        "type": "github"
      }
    },
    "frontArmToPlane": {
      "inputs": {
        "mcEatBurg": "mcEatBurg",
        "microvm": "microvm",
        "nasExitGiScorp": "nasExitGiScorp",
        "nixvimFlake": "nixvimFlake",
        "peachRampSkateboard": "peachRampSkateboard_4"
      },
      "locked": {
        "lastModified": 1790352158,
        "narHash": "sha256-gzS89Zim3BqRgGM2xNZ0vhL6kxQYrIQl4xJGt1jNcqI=",
        "owner": "nrs-status",
        "repo": "newFrontArmToPlane",
        "rev": "bd5dc53afcfdd41e1ba308a32a8b96b4966a2ce0",
        "type": "github"
      },
      "original": {
        "owner": "nrs-status",
        "repo": "newFrontArmToPlane",
        "type": "github"
      }
    },
    "frontArmToPlane_2": {
      "inputs": {
        "mcEatBurg": "mcEatBurg_4",
        "microvm": "microvm_3",
        "nasExitGiScorp": "nasExitGiScorp_2",
        "nixvimFlake": "nixvimFlake_2",
        "peachRampSkateboard": "peachRampSkateboard_10"
      },
      "locked": {
        "lastModified": 1790352158,
        "narHash": "sha256-gzS89Zim3BqRgGM2xNZ0vhL6kxQYrIQl4xJGt1jNcqI=",
        "owner": "nrs-status",
        "repo": "newFrontArmToPlane",
        "rev": "bd5dc53afcfdd41e1ba308a32a8b96b4966a2ce0",
        "type": "github"
      },
      "original": {
        "owner": "nrs-status",
        "repo": "newFrontArmToPlane",
        "type": "github"
      }
    },
    "hmFlake": {
      "inputs": {
        "nixpkgs": "nixpkgs_25"
      },
      "locked": {
        "lastModified": 1787540599,
        "narHash": "sha256-MHwk52ty3NsLhq9a1IbIfBJZlCUJIdiUYFo52JLK9hY=",
        "owner": "nix-community",
        "repo": "home-manager",
        "rev": "03f4cd46bc1dd4f3a96da778d2ce9f7ce39dd450",
        "type": "github"
      },
      "original": {
        "owner": "nix-community",
        "repo": "home-manager",
        "type": "github"
      }
    },
    "home-manager": {
      "inputs": {
        "nixpkgs": [
          "impermanenceFlake",
          "nixpkgs"
        ]
      },
      "locked": {
        "lastModified": 1768598210,
        "narHash": "sha256-kkgA32s/f4jaa4UG+2f8C225Qvclxnqs76mf8zvTVPg=",
        "owner": "nix-community",
        "repo": "home-manager",
        "rev": "c47b2cc64a629f8e075de52e4742de688f930dc6",
        "type": "github"
      },
      "original": {
        "owner": "nix-community",
        "repo": "home-manager",
        "type": "github"
      }
    },
    "impermanenceFlake": {
      "inputs": {
        "home-manager": "home-manager",
        "nixpkgs": "nixpkgs_26"
      },
      "locked": {
        "lastModified": 1769548169,
        "narHash": "sha256-03+JxvzmfwRu+5JafM0DLbxgHttOQZkUtDWBmeUkN8Y=",
        "owner": "nix-community",
        "repo": "impermanence",
        "rev": "7b1d382faf603b6d264f58627330f9faa5cba149",
        "type": "github"
      },
      "original": {
        "owner": "nix-community",
        "repo": "impermanence",
        "type": "github"
      }
    },
    "mcEatBurg": {
      "inputs": {
        "nixpkgs": "nixpkgs",
        "peachRampSkateboard": "peachRampSkateboard"
      },
      "locked": {
        "lastModified": 1790081180,
        "narHash": "sha256-dogFMW7sW0GesHG0Mxn+cvtWwjkNZIcCzLlWX+tL4qk=",
        "owner": "nrs-status",
        "repo": "mcEatBurg",
        "rev": "094600a6417ed60bfccbf31496d9e2b9896996d8",
        "type": "github"
      },
      "original": {
        "owner": "nrs-status",
        "repo": "mcEatBurg",
        "type": "github"
      }
    },
    "mcEatBurg_2": {
      "inputs": {
        "nixpkgs": "nixpkgs_4",
        "peachRampSkateboard": "peachRampSkateboard_2"
      },
      "locked": {
        "lastModified": 1790081180,
        "narHash": "sha256-dogFMW7sW0GesHG0Mxn+cvtWwjkNZIcCzLlWX+tL4qk=",
        "owner": "nrs-status",
        "repo": "mcEatBurg",
        "rev": "094600a6417ed60bfccbf31496d9e2b9896996d8",
        "type": "github"
      },
      "original": {
        "owner": "nrs-status",
        "repo": "mcEatBurg",
        "type": "github"
      }
    },
    "mcEatBurg_3": {
      "inputs": {
        "nixpkgs": "nixpkgs_10",
        "peachRampSkateboard": "peachRampSkateboard_5"
      },
      "locked": {
        "lastModified": 1790081180,
        "narHash": "sha256-dogFMW7sW0GesHG0Mxn+cvtWwjkNZIcCzLlWX+tL4qk=",
        "owner": "nrs-status",
        "repo": "mcEatBurg",
        "rev": "094600a6417ed60bfccbf31496d9e2b9896996d8",
        "type": "github"
      },
      "original": {
        "owner": "nrs-status",
        "repo": "mcEatBurg",
        "type": "github"
      }
    },
    "mcEatBurg_4": {
      "inputs": {
        "nixpkgs": "nixpkgs_16",
        "peachRampSkateboard": "peachRampSkateboard_7"
      },
      "locked": {
        "lastModified": 1790081180,
        "narHash": "sha256-dogFMW7sW0GesHG0Mxn+cvtWwjkNZIcCzLlWX+tL4qk=",
        "owner": "nrs-status",
        "repo": "mcEatBurg",
        "rev": "094600a6417ed60bfccbf31496d9e2b9896996d8",
        "type": "github"
      },
      "original": {
        "owner": "nrs-status",
        "repo": "mcEatBurg",
        "type": "github"
      }
    },
    "mcEatBurg_5": {
      "inputs": {
        "nixpkgs": "nixpkgs_19",
        "peachRampSkateboard": "peachRampSkateboard_8"
      },
      "locked": {
        "lastModified": 1790081180,
        "narHash": "sha256-dogFMW7sW0GesHG0Mxn+cvtWwjkNZIcCzLlWX+tL4qk=",
        "owner": "nrs-status",
        "repo": "mcEatBurg",
        "rev": "094600a6417ed60bfccbf31496d9e2b9896996d8",
        "type": "github"
      },
      "original": {
        "owner": "nrs-status",
        "repo": "mcEatBurg",
        "type": "github"
      }
    },
    "mcEatBurg_6": {
      "inputs": {
        "nixpkgs": "nixpkgs_27",
        "peachRampSkateboard": "peachRampSkateboard_11"
      },
      "locked": {
        "lastModified": 1790081180,
        "narHash": "sha256-dogFMW7sW0GesHG0Mxn+cvtWwjkNZIcCzLlWX+tL4qk=",
        "owner": "nrs-status",
        "repo": "mcEatBurg",
        "rev": "094600a6417ed60bfccbf31496d9e2b9896996d8",
        "type": "github"
      },
      "original": {
        "owner": "nrs-status",
        "repo": "mcEatBurg",
        "type": "github"
      }
    },
    "mcEatBurg_7": {
      "inputs": {
        "nixpkgs": "nixpkgs_29",
        "peachRampSkateboard": "peachRampSkateboard_12"
      },
      "locked": {
        "lastModified": 1790081180,
        "narHash": "sha256-dogFMW7sW0GesHG0Mxn+cvtWwjkNZIcCzLlWX+tL4qk=",
        "owner": "nrs-status",
        "repo": "mcEatBurg",
        "rev": "094600a6417ed60bfccbf31496d9e2b9896996d8",
        "type": "github"
      },
      "original": {
        "owner": "nrs-status",
        "repo": "mcEatBurg",
        "type": "github"
      }
    },
    "microvm": {
      "inputs": {
        "nixpkgs": "nixpkgs_3",
        "spectrum": "spectrum"
      },
      "locked": {
        "lastModified": 1789082121,
        "narHash": "sha256-AS7YiRfU//W5a/+kHOWRrMI0mLuHQ9OQTVNfT6rUff4=",
        "owner": "microvm-nix",
        "repo": "microvm.nix",
        "rev": "1b99da49e9d1c8f15fd4911f7b8d2c4375758dcd",
        "type": "github"
      },
      "original": {
        "owner": "microvm-nix",
        "repo": "microvm.nix",
        "type": "github"
      }
    },
    "microvm_2": {
      "inputs": {
        "nixpkgs": "nixpkgs_6",
        "spectrum": "spectrum_2"
      },
      "locked": {
        "lastModified": 1789082121,
        "narHash": "sha256-AS7YiRfU//W5a/+kHOWRrMI0mLuHQ9OQTVNfT6rUff4=",
        "owner": "microvm-nix",
        "repo": "microvm.nix",
        "rev": "1b99da49e9d1c8f15fd4911f7b8d2c4375758dcd",
        "type": "github"
      },
      "original": {
        "owner": "microvm-nix",
        "repo": "microvm.nix",
        "rev": "1b99da49e9d1c8f15fd4911f7b8d2c4375758dcd",
        "type": "github"
      }
    },
    "microvm_3": {
      "inputs": {
        "nixpkgs": "nixpkgs_18",
        "spectrum": "spectrum_3"
      },
      "locked": {
        "lastModified": 1789082121,
        "narHash": "sha256-AS7YiRfU//W5a/+kHOWRrMI0mLuHQ9OQTVNfT6rUff4=",
        "owner": "microvm-nix",
        "repo": "microvm.nix",
        "rev": "1b99da49e9d1c8f15fd4911f7b8d2c4375758dcd",
        "type": "github"
      },
      "original": {
        "owner": "microvm-nix",
        "repo": "microvm.nix",
        "type": "github"
      }
    },
    "microvm_4": {
      "inputs": {
        "nixpkgs": "nixpkgs_21",
        "spectrum": "spectrum_4"
      },
      "locked": {
        "lastModified": 1789082121,
        "narHash": "sha256-AS7YiRfU//W5a/+kHOWRrMI0mLuHQ9OQTVNfT6rUff4=",
        "owner": "microvm-nix",
        "repo": "microvm.nix",
        "rev": "1b99da49e9d1c8f15fd4911f7b8d2c4375758dcd",
        "type": "github"
      },
      "original": {
        "owner": "microvm-nix",
        "repo": "microvm.nix",
        "rev": "1b99da49e9d1c8f15fd4911f7b8d2c4375758dcd",
        "type": "github"
      }
    },
    "microvm_5": {
      "inputs": {
        "nixpkgs": "nixpkgs_31",
        "spectrum": "spectrum_5"
      },
      "locked": {
        "lastModified": 1789082121,
        "narHash": "sha256-AS7YiRfU//W5a/+kHOWRrMI0mLuHQ9OQTVNfT6rUff4=",
        "owner": "microvm-nix",
        "repo": "microvm.nix",
        "rev": "1b99da49e9d1c8f15fd4911f7b8d2c4375758dcd",
        "type": "github"
      },
      "original": {
        "owner": "microvm-nix",
        "repo": "microvm.nix",
        "rev": "1b99da49e9d1c8f15fd4911f7b8d2c4375758dcd",
        "type": "github"
      }
    },
    "nasExitGiScorp": {
      "inputs": {
        "mcEatBurg": "mcEatBurg_2",
        "microvm": "microvm_2",
        "peachRampSkateboard": "peachRampSkateboard_3"
      },
      "locked": {
        "lastModified": 1790352140,
        "narHash": "sha256-jV4yf4uFdBkfPaGx4OdZIoZMgG1UKkKVDOn4uQ8CJ3I=",
        "owner": "nrs-status",
        "repo": "nasExitGiScorp",
        "rev": "97ce30bc1bc6f5a8c9bb211f85558150beaca7d4",
        "type": "github"
      },
      "original": {
        "owner": "nrs-status",
        "repo": "nasExitGiScorp",
        "type": "github"
      }
    },
    "nasExitGiScorp_2": {
      "inputs": {
        "mcEatBurg": "mcEatBurg_5",
        "microvm": "microvm_4",
        "peachRampSkateboard": "peachRampSkateboard_9"
      },
      "locked": {
        "lastModified": 1790352140,
        "narHash": "sha256-jV4yf4uFdBkfPaGx4OdZIoZMgG1UKkKVDOn4uQ8CJ3I=",
        "owner": "nrs-status",
        "repo": "nasExitGiScorp",
        "rev": "97ce30bc1bc6f5a8c9bb211f85558150beaca7d4",
        "type": "github"
      },
      "original": {
        "owner": "nrs-status",
        "repo": "nasExitGiScorp",
        "type": "github"
      }
    },
    "nasExitGiScorp_3": {
      "inputs": {
        "mcEatBurg": "mcEatBurg_7",
        "microvm": "microvm_5",
        "peachRampSkateboard": "peachRampSkateboard_13"
      },
      "locked": {
        "lastModified": 1790359454,
        "narHash": "sha256-8te+Hc83sKPMoQbAziWiRBT2EkQPGcTE0UQUQyAum9I=",
        "owner": "nrs-status",
        "repo": "nasExitGiScorp",
        "rev": "982e9949e044819ad7aa50dadfe1669d088e6ad2",
        "type": "github"
      },
      "original": {
        "owner": "nrs-status",
        "repo": "nasExitGiScorp",
        "type": "github"
      }
    },
    "nix-github-actions": {
      "inputs": {
        "nixpkgs": [
          "colmenaFlake",
          "nixpkgs"
        ]
      },
      "locked": {
        "lastModified": 1737420293,
        "narHash": "sha256-F1G5ifvqTpJq7fdkT34e/Jy9VCyzd5XfJ9TO8fHhJWE=",
        "owner": "nix-community",
        "repo": "nix-github-actions",
        "rev": "f4158fa080ef4503c8f4c820967d946c2af31ec9",
        "type": "github"
      },
      "original": {
        "owner": "nix-community",
        "repo": "nix-github-actions",
        "type": "github"
      }
    },
    "nixpkgs": {
      "locked": {
        "lastModified": 1788881743,
        "narHash": "sha256-2V9GZGvPfrNzxFozhI9dcqV+c3QdA8YZrvAAzqEB+dI=",
        "owner": "NixOS",
        "repo": "nixpkgs",
        "rev": "d6524aaca2ff07876657ae2b323f24be4874944b",
        "type": "github"
      },
      "original": {
        "owner": "NixOS",
        "repo": "nixpkgs",
        "rev": "d6524aaca2ff07876657ae2b323f24be4874944b",
        "type": "github"
      }
    },
    "nixpkgs_10": {
      "locked": {
        "lastModified": 1788881743,
        "narHash": "sha256-2V9GZGvPfrNzxFozhI9dcqV+c3QdA8YZrvAAzqEB+dI=",
        "owner": "NixOS",
        "repo": "nixpkgs",
        "rev": "d6524aaca2ff07876657ae2b323f24be4874944b",
        "type": "github"
      },
      "original": {
        "owner": "NixOS",
        "repo": "nixpkgs",
        "rev": "d6524aaca2ff07876657ae2b323f24be4874944b",
        "type": "github"
      }
    },
    "nixpkgs_11": {
      "locked": {
        "lastModified": 1789785513,
        "narHash": "sha256-B44WL6h0XoLjJ41bUPJk0X5SDinLCII//6EcBLXKiJ0=",
        "owner": "NixOS",
        "repo": "nixpkgs",
        "rev": "20b1ddd1aa5ace70c9468305030aa4f9ef79671b",
        "type": "github"
      },
      "original": {
        "owner": "NixOS",
        "ref": "nixos-unstable",
        "repo": "nixpkgs",
        "type": "github"
      }
    },
    "nixpkgs_12": {
      "locked": {
        "lastModified": 1789785513,
        "narHash": "sha256-B44WL6h0XoLjJ41bUPJk0X5SDinLCII//6EcBLXKiJ0=",
        "owner": "NixOS",
        "repo": "nixpkgs",
        "rev": "20b1ddd1aa5ace70c9468305030aa4f9ef79671b",
        "type": "github"
      },
      "original": {
        "owner": "NixOS",
        "ref": "nixos-unstable",
        "repo": "nixpkgs",
        "type": "github"
      }
    },
    "nixpkgs_13": {
      "locked": {
        "lastModified": 1783224372,
        "narHash": "sha256-8i/87eeoqiGE4yOTjwSA3Eh/ziJRQEmd/unYU+K27sk=",
        "owner": "NixOS",
        "repo": "nixpkgs",
        "rev": "d407951447dcd00442e97087bf374aad70c04cea",
        "type": "github"
      },
      "original": {
        "owner": "NixOS",
        "ref": "nixos-unstable",
        "repo": "nixpkgs",
        "type": "github"
      }
    },
    "nixpkgs_14": {
      "locked": {
        "lastModified": 1789149629,
        "narHash": "sha256-H6GwaZzZf+4npqv0tph94w9tZddSjFjmQrVsW0z78uk=",
        "owner": "NixOS",
        "repo": "nixpkgs",
        "rev": "eaad089433ca2bb662274377d33df3d0e51ef28b",
        "type": "github"
      },
      "original": {
        "owner": "NixOS",
        "ref": "nixos-unstable",
        "repo": "nixpkgs",
        "type": "github"
      }
    },
    "nixpkgs_15": {
      "locked": {
        "lastModified": 1780930886,
        "narHash": "sha256-rppURzHviaQN131F+nLiLdGfcb0uCd9gGP0E5+iw9MI=",
        "owner": "NixOS",
        "repo": "nixpkgs",
        "rev": "8c3cede7ddc26bd659d2d383b5610efbd2c7a16e",
        "type": "github"
      },
      "original": {
        "owner": "NixOS",
        "ref": "nixpkgs-unstable",
        "repo": "nixpkgs",
        "type": "github"
      }
    },
    "nixpkgs_16": {
      "locked": {
        "lastModified": 1788881743,
        "narHash": "sha256-2V9GZGvPfrNzxFozhI9dcqV+c3QdA8YZrvAAzqEB+dI=",
        "owner": "NixOS",
        "repo": "nixpkgs",
        "rev": "d6524aaca2ff07876657ae2b323f24be4874944b",
        "type": "github"
      },
      "original": {
        "owner": "NixOS",
        "repo": "nixpkgs",
        "rev": "d6524aaca2ff07876657ae2b323f24be4874944b",
        "type": "github"
      }
    },
    "nixpkgs_17": {
      "locked": {
        "lastModified": 1789785513,
        "narHash": "sha256-B44WL6h0XoLjJ41bUPJk0X5SDinLCII//6EcBLXKiJ0=",
        "owner": "NixOS",
        "repo": "nixpkgs",
        "rev": "20b1ddd1aa5ace70c9468305030aa4f9ef79671b",
        "type": "github"
      },
      "original": {
        "owner": "NixOS",
        "ref": "nixos-unstable",
        "repo": "nixpkgs",
        "type": "github"
      }
    },
    "nixpkgs_18": {
      "locked": {
        "lastModified": 1789546076,
        "narHash": "sha256-zVxLZiSnmaaPLwnhj7pwmqe3axBg/C6nG5JZsJMh2g4=",
        "owner": "nixos",
        "repo": "nixpkgs",
        "rev": "b1b875982b17dabde9b4a37f3e229e74913e6db3",
        "type": "github"
      },
      "original": {
        "owner": "nixos",
        "ref": "nixos-unstable",
        "repo": "nixpkgs",
        "type": "github"
      }
    },
    "nixpkgs_19": {
      "locked": {
        "lastModified": 1788881743,
        "narHash": "sha256-2V9GZGvPfrNzxFozhI9dcqV+c3QdA8YZrvAAzqEB+dI=",
        "owner": "NixOS",
        "repo": "nixpkgs",
        "rev": "d6524aaca2ff07876657ae2b323f24be4874944b",
        "type": "github"
      },
      "original": {
        "owner": "NixOS",
        "repo": "nixpkgs",
        "rev": "d6524aaca2ff07876657ae2b323f24be4874944b",
        "type": "github"
      }
    },
    "nixpkgs_2": {
      "locked": {
        "lastModified": 1789785513,
        "narHash": "sha256-B44WL6h0XoLjJ41bUPJk0X5SDinLCII//6EcBLXKiJ0=",
        "owner": "NixOS",
        "repo": "nixpkgs",
        "rev": "20b1ddd1aa5ace70c9468305030aa4f9ef79671b",
        "type": "github"
      },
      "original": {
        "owner": "NixOS",
        "ref": "nixos-unstable",
        "repo": "nixpkgs",
        "type": "github"
      }
    },
    "nixpkgs_20": {
      "locked": {
        "lastModified": 1789785513,
        "narHash": "sha256-B44WL6h0XoLjJ41bUPJk0X5SDinLCII//6EcBLXKiJ0=",
        "owner": "NixOS",
        "repo": "nixpkgs",
        "rev": "20b1ddd1aa5ace70c9468305030aa4f9ef79671b",
        "type": "github"
      },
      "original": {
        "owner": "NixOS",
        "ref": "nixos-unstable",
        "repo": "nixpkgs",
        "type": "github"
      }
    },
    "nixpkgs_21": {
      "locked": {
        "lastModified": 1785692966,
        "narHash": "sha256-vUfIeBEfpbAfZ5zjgIkYk7eHBeVfCYVjLbWnMkseYnk=",
        "owner": "nixos",
        "repo": "nixpkgs",
        "rev": "643809054d65fdd466a63e3155b8c498cb483c04",
        "type": "github"
      },
      "original": {
        "owner": "nixos",
        "ref": "nixos-unstable",
        "repo": "nixpkgs",
        "type": "github"
      }
    },
    "nixpkgs_22": {
      "locked": {
        "lastModified": 1789785513,
        "narHash": "sha256-B44WL6h0XoLjJ41bUPJk0X5SDinLCII//6EcBLXKiJ0=",
        "owner": "NixOS",
        "repo": "nixpkgs",
        "rev": "20b1ddd1aa5ace70c9468305030aa4f9ef79671b",
        "type": "github"
      },
      "original": {
        "owner": "NixOS",
        "ref": "nixos-unstable",
        "repo": "nixpkgs",
        "type": "github"
      }
    },
    "nixpkgs_23": {
      "locked": {
        "lastModified": 1787172299,
        "narHash": "sha256-PShzS87awOlE5XWkxUGBd/58/F+AtE2ZMgFffKj4r8s=",
        "owner": "NixOS",
        "repo": "nixpkgs",
        "rev": "07e1d92cdc0ed416cfa11ff3ca40d17e61cfba7a",
        "type": "github"
      },
      "original": {
        "owner": "NixOS",
        "ref": "nixpkgs-unstable",
        "repo": "nixpkgs",
        "type": "github"
      }
    },
    "nixpkgs_24": {
      "locked": {
        "lastModified": 1789785513,
        "narHash": "sha256-B44WL6h0XoLjJ41bUPJk0X5SDinLCII//6EcBLXKiJ0=",
        "owner": "NixOS",
        "repo": "nixpkgs",
        "rev": "20b1ddd1aa5ace70c9468305030aa4f9ef79671b",
        "type": "github"
      },
      "original": {
        "owner": "NixOS",
        "ref": "nixos-unstable",
        "repo": "nixpkgs",
        "type": "github"
      }
    },
    "nixpkgs_25": {
      "locked": {
        "lastModified": 1787209939,
        "narHash": "sha256-WvvHR4kSQLAbtouMC/ruZ5UpLwlUcY3K4FAllMN+yGk=",
        "owner": "NixOS",
        "repo": "nixpkgs",
        "rev": "391b592eb44808b3bd0cb80bb71b63a5a118b8bb",
        "type": "github"
      },
      "original": {
        "owner": "NixOS",
        "ref": "nixpkgs-unstable",
        "repo": "nixpkgs",
        "type": "github"
      }
    },
    "nixpkgs_26": {
      "locked": {
        "lastModified": 1768564909,
        "narHash": "sha256-Kell/SpJYVkHWMvnhqJz/8DqQg2b6PguxVWOuadbHCc=",
        "owner": "nixos",
        "repo": "nixpkgs",
        "rev": "e4bae1bd10c9c57b2cf517953ab70060a828ee6f",
        "type": "github"
      },
      "original": {
        "owner": "nixos",
        "ref": "nixos-unstable",
        "repo": "nixpkgs",
        "type": "github"
      }
    },
    "nixpkgs_27": {
      "locked": {
        "lastModified": 1788881743,
        "narHash": "sha256-2V9GZGvPfrNzxFozhI9dcqV+c3QdA8YZrvAAzqEB+dI=",
        "owner": "NixOS",
        "repo": "nixpkgs",
        "rev": "d6524aaca2ff07876657ae2b323f24be4874944b",
        "type": "github"
      },
      "original": {
        "owner": "NixOS",
        "repo": "nixpkgs",
        "rev": "d6524aaca2ff07876657ae2b323f24be4874944b",
        "type": "github"
      }
    },
    "nixpkgs_28": {
      "locked": {
        "lastModified": 1789785513,
        "narHash": "sha256-B44WL6h0XoLjJ41bUPJk0X5SDinLCII//6EcBLXKiJ0=",
        "owner": "NixOS",
        "repo": "nixpkgs",
        "rev": "20b1ddd1aa5ace70c9468305030aa4f9ef79671b",
        "type": "github"
      },
      "original": {
        "owner": "NixOS",
        "ref": "nixos-unstable",
        "repo": "nixpkgs",
        "type": "github"
      }
    },
    "nixpkgs_29": {
      "locked": {
        "lastModified": 1788881743,
        "narHash": "sha256-2V9GZGvPfrNzxFozhI9dcqV+c3QdA8YZrvAAzqEB+dI=",
        "owner": "NixOS",
        "repo": "nixpkgs",
        "rev": "d6524aaca2ff07876657ae2b323f24be4874944b",
        "type": "github"
      },
      "original": {
        "owner": "NixOS",
        "repo": "nixpkgs",
        "rev": "d6524aaca2ff07876657ae2b323f24be4874944b",
        "type": "github"
      }
    },
    "nixpkgs_3": {
      "locked": {
        "lastModified": 1789546076,
        "narHash": "sha256-zVxLZiSnmaaPLwnhj7pwmqe3axBg/C6nG5JZsJMh2g4=",
        "owner": "nixos",
        "repo": "nixpkgs",
        "rev": "b1b875982b17dabde9b4a37f3e229e74913e6db3",
        "type": "github"
      },
      "original": {
        "owner": "nixos",
        "ref": "nixos-unstable",
        "repo": "nixpkgs",
        "type": "github"
      }
    },
    "nixpkgs_30": {
      "locked": {
        "lastModified": 1789785513,
        "narHash": "sha256-B44WL6h0XoLjJ41bUPJk0X5SDinLCII//6EcBLXKiJ0=",
        "owner": "NixOS",
        "repo": "nixpkgs",
        "rev": "20b1ddd1aa5ace70c9468305030aa4f9ef79671b",
        "type": "github"
      },
      "original": {
        "owner": "NixOS",
        "ref": "nixos-unstable",
        "repo": "nixpkgs",
        "type": "github"
      }
    },
    "nixpkgs_31": {
      "locked": {
        "lastModified": 1785692966,
        "narHash": "sha256-vUfIeBEfpbAfZ5zjgIkYk7eHBeVfCYVjLbWnMkseYnk=",
        "owner": "nixos",
        "repo": "nixpkgs",
        "rev": "643809054d65fdd466a63e3155b8c498cb483c04",
        "type": "github"
      },
      "original": {
        "owner": "nixos",
        "ref": "nixos-unstable",
        "repo": "nixpkgs",
        "type": "github"
      }
    },
    "nixpkgs_32": {
      "locked": {
        "lastModified": 1789785513,
        "narHash": "sha256-B44WL6h0XoLjJ41bUPJk0X5SDinLCII//6EcBLXKiJ0=",
        "owner": "NixOS",
        "repo": "nixpkgs",
        "rev": "20b1ddd1aa5ace70c9468305030aa4f9ef79671b",
        "type": "github"
      },
      "original": {
        "owner": "NixOS",
        "ref": "nixos-unstable",
        "repo": "nixpkgs",
        "type": "github"
      }
    },
    "nixpkgs_33": {
      "locked": {
        "lastModified": 1789785513,
        "narHash": "sha256-B44WL6h0XoLjJ41bUPJk0X5SDinLCII//6EcBLXKiJ0=",
        "owner": "NixOS",
        "repo": "nixpkgs",
        "rev": "20b1ddd1aa5ace70c9468305030aa4f9ef79671b",
        "type": "github"
      },
      "original": {
        "owner": "NixOS",
        "ref": "nixos-unstable",
        "repo": "nixpkgs",
        "type": "github"
      }
    },
    "nixpkgs_34": {
      "locked": {
        "lastModified": 1782175435,
        "narHash": "sha256-EMzXKmnOtBQ2MnvpiNOm7E+kOMvdPrIKaeg52Tip2Uk=",
        "owner": "NixOS",
        "repo": "nixpkgs",
        "rev": "89570f24e97e614aa34aa9ab1c927b6578a43775",
        "type": "github"
      },
      "original": {
        "owner": "NixOS",
        "ref": "nixpkgs-unstable",
        "repo": "nixpkgs",
        "type": "github"
      }
    },
    "nixpkgs_4": {
      "locked": {
        "lastModified": 1788881743,
        "narHash": "sha256-2V9GZGvPfrNzxFozhI9dcqV+c3QdA8YZrvAAzqEB+dI=",
        "owner": "NixOS",
        "repo": "nixpkgs",
        "rev": "d6524aaca2ff07876657ae2b323f24be4874944b",
        "type": "github"
      },
      "original": {
        "owner": "NixOS",
        "repo": "nixpkgs",
        "rev": "d6524aaca2ff07876657ae2b323f24be4874944b",
        "type": "github"
      }
    },
    "nixpkgs_5": {
      "locked": {
        "lastModified": 1789785513,
        "narHash": "sha256-B44WL6h0XoLjJ41bUPJk0X5SDinLCII//6EcBLXKiJ0=",
        "owner": "NixOS",
        "repo": "nixpkgs",
        "rev": "20b1ddd1aa5ace70c9468305030aa4f9ef79671b",
        "type": "github"
      },
      "original": {
        "owner": "NixOS",
        "ref": "nixos-unstable",
        "repo": "nixpkgs",
        "type": "github"
      }
    },
    "nixpkgs_6": {
      "locked": {
        "lastModified": 1785692966,
        "narHash": "sha256-vUfIeBEfpbAfZ5zjgIkYk7eHBeVfCYVjLbWnMkseYnk=",
        "owner": "nixos",
        "repo": "nixpkgs",
        "rev": "643809054d65fdd466a63e3155b8c498cb483c04",
        "type": "github"
      },
      "original": {
        "owner": "nixos",
        "ref": "nixos-unstable",
        "repo": "nixpkgs",
        "type": "github"
      }
    },
    "nixpkgs_7": {
      "locked": {
        "lastModified": 1789785513,
        "narHash": "sha256-B44WL6h0XoLjJ41bUPJk0X5SDinLCII//6EcBLXKiJ0=",
        "owner": "NixOS",
        "repo": "nixpkgs",
        "rev": "20b1ddd1aa5ace70c9468305030aa4f9ef79671b",
        "type": "github"
      },
      "original": {
        "owner": "NixOS",
        "ref": "nixos-unstable",
        "repo": "nixpkgs",
        "type": "github"
      }
    },
    "nixpkgs_8": {
      "locked": {
        "lastModified": 1787172299,
        "narHash": "sha256-PShzS87awOlE5XWkxUGBd/58/F+AtE2ZMgFffKj4r8s=",
        "owner": "NixOS",
        "repo": "nixpkgs",
        "rev": "07e1d92cdc0ed416cfa11ff3ca40d17e61cfba7a",
        "type": "github"
      },
      "original": {
        "owner": "NixOS",
        "ref": "nixpkgs-unstable",
        "repo": "nixpkgs",
        "type": "github"
      }
    },
    "nixpkgs_9": {
      "locked": {
        "lastModified": 1789785513,
        "narHash": "sha256-B44WL6h0XoLjJ41bUPJk0X5SDinLCII//6EcBLXKiJ0=",
        "owner": "NixOS",
        "repo": "nixpkgs",
        "rev": "20b1ddd1aa5ace70c9468305030aa4f9ef79671b",
        "type": "github"
      },
      "original": {
        "owner": "NixOS",
        "ref": "nixos-unstable",
        "repo": "nixpkgs",
        "type": "github"
      }
    },
    "nixvimFlake": {
      "inputs": {
        "flake-parts": "flake-parts",
        "nixpkgs": "nixpkgs_8",
        "systems": "systems"
      },
      "locked": {
        "lastModified": 1787270640,
        "narHash": "sha256-L3ZXW7MSCPsOZz5powJZZqzZLxuPLh9QXHp5shwzqb8=",
        "owner": "nix-community",
        "repo": "nixvim",
        "rev": "bd46166bd8308861cd36984a52ed5d25522d0ba8",
        "type": "github"
      },
      "original": {
        "owner": "nix-community",
        "repo": "nixvim",
        "type": "github"
      }
    },
    "nixvimFlake_2": {
      "inputs": {
        "flake-parts": "flake-parts_3",
        "nixpkgs": "nixpkgs_23",
        "systems": "systems_3"
      },
      "locked": {
        "lastModified": 1787270640,
        "narHash": "sha256-L3ZXW7MSCPsOZz5powJZZqzZLxuPLh9QXHp5shwzqb8=",
        "owner": "nix-community",
        "repo": "nixvim",
        "rev": "bd46166bd8308861cd36984a52ed5d25522d0ba8",
        "type": "github"
      },
      "original": {
        "owner": "nix-community",
        "repo": "nixvim",
        "type": "github"
      }
    },
    "peachRampSkateboard": {
      "inputs": {
        "nixpkgs": "nixpkgs_2"
      },
      "locked": {
        "lastModified": 1790076655,
        "narHash": "sha256-iUK4/m84FKMj5DrFkc1k64djhGdoieMEioRTWLF9/cs=",
        "owner": "nrs-status",
        "repo": "newPeachRampSkateboard",
        "rev": "df28ccf5f26ac8b10892f2ca587f8a19d263602a",
        "type": "github"
      },
      "original": {
        "owner": "nrs-status",
        "repo": "newPeachRampSkateboard",
        "type": "github"
      }
    },
    "peachRampSkateboard_10": {
      "inputs": {
        "nixpkgs": "nixpkgs_24"
      },
      "locked": {
        "lastModified": 1790076655,
        "narHash": "sha256-iUK4/m84FKMj5DrFkc1k64djhGdoieMEioRTWLF9/cs=",
        "owner": "nrs-status",
        "repo": "newPeachRampSkateboard",
        "rev": "df28ccf5f26ac8b10892f2ca587f8a19d263602a",
        "type": "github"
      },
      "original": {
        "owner": "nrs-status",
        "repo": "newPeachRampSkateboard",
        "type": "github"
      }
    },
    "peachRampSkateboard_11": {
      "inputs": {
        "nixpkgs": "nixpkgs_28"
      },
      "locked": {
        "lastModified": 1790076655,
        "narHash": "sha256-iUK4/m84FKMj5DrFkc1k64djhGdoieMEioRTWLF9/cs=",
        "owner": "nrs-status",
        "repo": "newPeachRampSkateboard",
        "rev": "df28ccf5f26ac8b10892f2ca587f8a19d263602a",
        "type": "github"
      },
      "original": {
        "owner": "nrs-status",
        "repo": "newPeachRampSkateboard",
        "type": "github"
      }
    },
    "peachRampSkateboard_12": {
      "inputs": {
        "nixpkgs": "nixpkgs_30"
      },
      "locked": {
        "lastModified": 1790076655,
        "narHash": "sha256-iUK4/m84FKMj5DrFkc1k64djhGdoieMEioRTWLF9/cs=",
        "owner": "nrs-status",
        "repo": "newPeachRampSkateboard",
        "rev": "df28ccf5f26ac8b10892f2ca587f8a19d263602a",
        "type": "github"
      },
      "original": {
        "owner": "nrs-status",
        "repo": "newPeachRampSkateboard",
        "type": "github"
      }
    },
    "peachRampSkateboard_13": {
      "inputs": {
        "nixpkgs": "nixpkgs_32"
      },
      "locked": {
        "lastModified": 1790076655,
        "narHash": "sha256-iUK4/m84FKMj5DrFkc1k64djhGdoieMEioRTWLF9/cs=",
        "owner": "nrs-status",
        "repo": "newPeachRampSkateboard",
        "rev": "df28ccf5f26ac8b10892f2ca587f8a19d263602a",
        "type": "github"
      },
      "original": {
        "owner": "nrs-status",
        "repo": "newPeachRampSkateboard",
        "type": "github"
      }
    },
    "peachRampSkateboard_14": {
      "inputs": {
        "nixpkgs": "nixpkgs_33"
      },
      "locked": {
        "lastModified": 1790076655,
        "narHash": "sha256-iUK4/m84FKMj5DrFkc1k64djhGdoieMEioRTWLF9/cs=",
        "owner": "nrs-status",
        "repo": "newPeachRampSkateboard",
        "rev": "df28ccf5f26ac8b10892f2ca587f8a19d263602a",
        "type": "github"
      },
      "original": {
        "owner": "nrs-status",
        "repo": "newPeachRampSkateboard",
        "type": "github"
      }
    },
    "peachRampSkateboard_2": {
      "inputs": {
        "nixpkgs": "nixpkgs_5"
      },
      "locked": {
        "lastModified": 1790076655,
        "narHash": "sha256-iUK4/m84FKMj5DrFkc1k64djhGdoieMEioRTWLF9/cs=",
        "owner": "nrs-status",
        "repo": "newPeachRampSkateboard",
        "rev": "df28ccf5f26ac8b10892f2ca587f8a19d263602a",
        "type": "github"
      },
      "original": {
        "owner": "nrs-status",
        "repo": "newPeachRampSkateboard",
        "type": "github"
      }
    },
    "peachRampSkateboard_3": {
      "inputs": {
        "nixpkgs": "nixpkgs_7"
      },
      "locked": {
        "lastModified": 1790076655,
        "narHash": "sha256-iUK4/m84FKMj5DrFkc1k64djhGdoieMEioRTWLF9/cs=",
        "owner": "nrs-status",
        "repo": "newPeachRampSkateboard",
        "rev": "df28ccf5f26ac8b10892f2ca587f8a19d263602a",
        "type": "github"
      },
      "original": {
        "owner": "nrs-status",
        "repo": "newPeachRampSkateboard",
        "type": "github"
      }
    },
    "peachRampSkateboard_4": {
      "inputs": {
        "nixpkgs": "nixpkgs_9"
      },
      "locked": {
        "lastModified": 1790076655,
        "narHash": "sha256-iUK4/m84FKMj5DrFkc1k64djhGdoieMEioRTWLF9/cs=",
        "owner": "nrs-status",
        "repo": "newPeachRampSkateboard",
        "rev": "df28ccf5f26ac8b10892f2ca587f8a19d263602a",
        "type": "github"
      },
      "original": {
        "owner": "nrs-status",
        "repo": "newPeachRampSkateboard",
        "type": "github"
      }
    },
    "peachRampSkateboard_5": {
      "inputs": {
        "nixpkgs": "nixpkgs_11"
      },
      "locked": {
        "lastModified": 1790076655,
        "narHash": "sha256-iUK4/m84FKMj5DrFkc1k64djhGdoieMEioRTWLF9/cs=",
        "owner": "nrs-status",
        "repo": "newPeachRampSkateboard",
        "rev": "df28ccf5f26ac8b10892f2ca587f8a19d263602a",
        "type": "github"
      },
      "original": {
        "owner": "nrs-status",
        "repo": "newPeachRampSkateboard",
        "type": "github"
      }
    },
    "peachRampSkateboard_6": {
      "inputs": {
        "nixpkgs": "nixpkgs_12"
      },
      "locked": {
        "lastModified": 1790076655,
        "narHash": "sha256-iUK4/m84FKMj5DrFkc1k64djhGdoieMEioRTWLF9/cs=",
        "owner": "nrs-status",
        "repo": "newPeachRampSkateboard",
        "rev": "df28ccf5f26ac8b10892f2ca587f8a19d263602a",
        "type": "github"
      },
      "original": {
        "owner": "nrs-status",
        "repo": "newPeachRampSkateboard",
        "type": "github"
      }
    },
    "peachRampSkateboard_7": {
      "inputs": {
        "nixpkgs": "nixpkgs_17"
      },
      "locked": {
        "lastModified": 1790076655,
        "narHash": "sha256-iUK4/m84FKMj5DrFkc1k64djhGdoieMEioRTWLF9/cs=",
        "owner": "nrs-status",
        "repo": "newPeachRampSkateboard",
        "rev": "df28ccf5f26ac8b10892f2ca587f8a19d263602a",
        "type": "github"
      },
      "original": {
        "owner": "nrs-status",
        "repo": "newPeachRampSkateboard",
        "type": "github"
      }
    },
    "peachRampSkateboard_8": {
      "inputs": {
        "nixpkgs": "nixpkgs_20"
      },
      "locked": {
        "lastModified": 1790076655,
        "narHash": "sha256-iUK4/m84FKMj5DrFkc1k64djhGdoieMEioRTWLF9/cs=",
        "owner": "nrs-status",
        "repo": "newPeachRampSkateboard",
        "rev": "df28ccf5f26ac8b10892f2ca587f8a19d263602a",
        "type": "github"
      },
      "original": {
        "owner": "nrs-status",
        "repo": "newPeachRampSkateboard",
        "type": "github"
      }
    },
    "peachRampSkateboard_9": {
      "inputs": {
        "nixpkgs": "nixpkgs_22"
      },
      "locked": {
        "lastModified": 1790076655,
        "narHash": "sha256-iUK4/m84FKMj5DrFkc1k64djhGdoieMEioRTWLF9/cs=",
        "owner": "nrs-status",
        "repo": "newPeachRampSkateboard",
        "rev": "df28ccf5f26ac8b10892f2ca587f8a19d263602a",
        "type": "github"
      },
      "original": {
        "owner": "nrs-status",
        "repo": "newPeachRampSkateboard",
        "type": "github"
      }
    },
    "root": {
      "inputs": {
        "bidGestMirror": "bidGestMirror",
        "colmenaFlake": "colmenaFlake",
        "direnv-instant": "direnv-instant",
        "diskoFlake": "diskoFlake",
        "frontArmToPlane": "frontArmToPlane_2",
        "hmFlake": "hmFlake",
        "impermanenceFlake": "impermanenceFlake",
        "mcEatBurg": "mcEatBurg_6",
        "nasExitGiScorp": "nasExitGiScorp_3",
        "peachRampSkateboard": "peachRampSkateboard_14",
        "sopsFlake": "sopsFlake"
      }
    },
    "sopsFlake": {
      "inputs": {
        "nixpkgs": "nixpkgs_34"
      },
      "locked": {
        "lastModified": 1786629091,
        "narHash": "sha256-gkig4nPi1CWc4Z50GBsjE4ygSE7hMpl/TwID2an2Cck=",
        "owner": "Mic92",
        "repo": "sops-nix",
        "rev": "a8627b21b9107c5711c96b84f32a9a4b3d45295f",
        "type": "github"
      },
      "original": {
        "owner": "Mic92",
        "repo": "sops-nix",
        "type": "github"
      }
    },
    "spectrum": {
      "flake": false,
      "locked": {
        "lastModified": 1785761586,
        "narHash": "sha256-MWOMVqJJERwjQGgRIv8d6rlEBqbLM3VZWxHkNKIIZNw=",
        "ref": "refs/heads/main",
        "rev": "a7762d6f54b40560dd5255ce902e6e6a5d980fe9",
        "revCount": 1416,
        "type": "git",
        "url": "https://spectrum-os.org/git/spectrum"
      },
      "original": {
        "type": "git",
        "url": "https://spectrum-os.org/git/spectrum"
      }
    },
    "spectrum_2": {
      "flake": false,
      "locked": {
        "lastModified": 1785761586,
        "narHash": "sha256-MWOMVqJJERwjQGgRIv8d6rlEBqbLM3VZWxHkNKIIZNw=",
        "ref": "refs/heads/main",
        "rev": "a7762d6f54b40560dd5255ce902e6e6a5d980fe9",
        "revCount": 1416,
        "type": "git",
        "url": "https://spectrum-os.org/git/spectrum"
      },
      "original": {
        "type": "git",
        "url": "https://spectrum-os.org/git/spectrum"
      }
    },
    "spectrum_3": {
      "flake": false,
      "locked": {
        "lastModified": 1785761586,
        "narHash": "sha256-MWOMVqJJERwjQGgRIv8d6rlEBqbLM3VZWxHkNKIIZNw=",
        "ref": "refs/heads/main",
        "rev": "a7762d6f54b40560dd5255ce902e6e6a5d980fe9",
        "revCount": 1416,
        "type": "git",
        "url": "https://spectrum-os.org/git/spectrum"
      },
      "original": {
        "type": "git",
        "url": "https://spectrum-os.org/git/spectrum"
      }
    },
    "spectrum_4": {
      "flake": false,
      "locked": {
        "lastModified": 1785761586,
        "narHash": "sha256-MWOMVqJJERwjQGgRIv8d6rlEBqbLM3VZWxHkNKIIZNw=",
        "ref": "refs/heads/main",
        "rev": "a7762d6f54b40560dd5255ce902e6e6a5d980fe9",
        "revCount": 1416,
        "type": "git",
        "url": "https://spectrum-os.org/git/spectrum"
      },
      "original": {
        "type": "git",
        "url": "https://spectrum-os.org/git/spectrum"
      }
    },
    "spectrum_5": {
      "flake": false,
      "locked": {
        "lastModified": 1785761586,
        "narHash": "sha256-MWOMVqJJERwjQGgRIv8d6rlEBqbLM3VZWxHkNKIIZNw=",
        "ref": "refs/heads/main",
        "rev": "a7762d6f54b40560dd5255ce902e6e6a5d980fe9",
        "revCount": 1416,
        "type": "git",
        "url": "https://spectrum-os.org/git/spectrum"
      },
      "original": {
        "type": "git",
        "url": "https://spectrum-os.org/git/spectrum"
      }
    },
    "stable": {
      "locked": {
        "lastModified": 1783625654,
        "narHash": "sha256-pI1244/PJfTyKhlAr2QYQC55vR6UQdnGA0rJUgtO2IQ=",
        "owner": "NixOS",
        "repo": "nixpkgs",
        "rev": "a0230bd8d5cbd13893b2263918d396a2c7dd0407",
        "type": "github"
      },
      "original": {
        "owner": "NixOS",
        "ref": "release-26.05",
        "repo": "nixpkgs",
        "type": "github"
      }
    },
    "systems": {
      "flake": false,
      "locked": {
        "lastModified": 1774449309,
        "narHash": "sha256-brhZ8DmuGtzkCYHJg4HEd602amKm89Y9ytsFZ5uWD1w=",
        "owner": "nix-systems",
        "repo": "default",
        "rev": "c29398b59d2048c4ab79345812849c9bd15e9150",
        "type": "github"
      },
      "original": {
        "owner": "nix-systems",
        "ref": "future-26.11",
        "repo": "default",
        "type": "github"
      }
    },
    "systems_2": {
      "locked": {
        "lastModified": 1681028828,
        "narHash": "sha256-Vy1rq5AaRuLzOxct8nz4T6wlgyUR7zLU309k9mBC768=",
        "owner": "nix-systems",
        "repo": "default",
        "rev": "da67096a3b9bf56a91d16901293e51ba5b49a27e",
        "type": "github"
      },
      "original": {
        "owner": "nix-systems",
        "repo": "default",
        "type": "github"
      }
    },
    "systems_3": {
      "flake": false,
      "locked": {
        "lastModified": 1774449309,
        "narHash": "sha256-brhZ8DmuGtzkCYHJg4HEd602amKm89Y9ytsFZ5uWD1w=",
        "owner": "nix-systems",
        "repo": "default",
        "rev": "c29398b59d2048c4ab79345812849c9bd15e9150",
        "type": "github"
      },
      "original": {
        "owner": "nix-systems",
        "ref": "future-26.11",
        "repo": "default",
        "type": "github"
      }
    },
    "treefmt-nix": {
      "inputs": {
        "nixpkgs": [
          "direnv-instant",
          "nixpkgs"
        ]
      },
      "locked": {
        "lastModified": 1786901030,
        "narHash": "sha256-WSFCsDSE5ffgD2MqzkM2CYjeFiKhRF/dJUN8uedb6YE=",
        "owner": "numtide",
        "repo": "treefmt-nix",
        "rev": "27b3b12a8e6375f28ebe122f07d230ca5459bbfa",
        "type": "github"
      },
      "original": {
        "owner": "numtide",
        "repo": "treefmt-nix",
        "type": "github"
      }
    }
  },
  "root": "root",
  "version": 7
}
